{
  "name": "template",
  "version": "0.0.1",
  "lockfileVersion": 2,
  "requires": true,
  "packages": {
    "": {
      "name": "template",
      "version": "0.0.1",
      "license": "MIT",
      "dependencies": {
        "ziko": "^0.0.1"
      }
    },
    "node_modules/ziko": {
      "version": "0.0.1",
      "resolved": "https://registry.npmjs.org/ziko/-/ziko-0.0.1.tgz",
      "integrity": "sha512-u6wd8CxfLaUUVvLX4M/QAsLC9ZbNPuZJXOFOJer8iPXDoUcfrsK608KGSlkA75IHwWmrS3L7V5MbnBR2pjL6WQ=="
    }
  },
  "dependencies": {
    "ziko": {
      "version": "0.0.1",
      "resolved": "https://registry.npmjs.org/ziko/-/ziko-0.0.1.tgz",
      "integrity": "sha512-u6wd8CxfLaUUVvLX4M/QAsLC9ZbNPuZJXOFOJer8iPXDoUcfrsK608KGSlkA75IHwWmrS3L7V5MbnBR2pjL6WQ=="
    }
  }
}
